
Microsoft Visual Studio Solution File, Format Version 12.00
# Visual Studio Version 17
VisualStudioVersion = 17.7.34009.444
MinimumVisualStudioVersion = 10.0.40219.1
Project("{FAE04EC0-301F-11D3-BF4B-00C04F79EFBC}") = "EFApp", "EFApp\EFApp.csproj", "{7A8CBCCB-9047-49CD-9313-BED3E93596E3}"
EndProject
Project("{FAE04EC0-301F-11D3-BF4B-00C04F79EFBC}") = "EFApp.Logic", "EFApp.Logic\EFApp.Logic.csproj", "{C9B3BA79-1620-4F4C-8A6D-0382121265A1}"
EndProject
Project("{FAE04EC0-301F-11D3-BF4B-00C04F79EFBC}") = "EFApp.Data", "EFApp.Data\EFApp.Data.csproj", "{4B9A5D49-F2C0-4AC7-9F1C-3A5831DAFEC2}"
EndProject
Project("{FAE04EC0-301F-11D3-BF4B-00C04F79EFBC}") = "EFApp.Entities", "EFApp.Entities\EFApp.Entities.csproj", "{694AF3CE-45AD-4CA2-96E4-FE1429EE2AEA}"
EndProject
Project("{FAE04EC0-301F-11D3-BF4B-00C04F79EFBC}") = "EFApp.MVC", "EFApp.MVC\EFApp.MVC.csproj", "{BEA35665-7A7E-4CF5-A039-7F210BF5A96C}"
EndProject
Project("{FAE04EC0-301F-11D3-BF4B-00C04F79EFBC}") = "EFApp.API", "EFApp.API\EFApp.API.csproj", "{5FA0F1AB-04B8-43FE-86A4-7F6BC076DF3D}"
EndProject
Project("{FAE04EC0-301F-11D3-BF4B-00C04F79EFBC}") = "EFApp.API.Tests", "EFApp.API.Tests\EFApp.API.Tests.csproj", "{2F232DD2-94C8-4DB2-9DF9-60C45E6BC5F8}"
EndProject
Project("{54A90642-561A-4BB1-A94E-469ADEE60C69}") = "EFApp.Angular", "EFApp.Angular\EFApp.Angular.esproj", "{1A0427E4-24DD-4CB3-9FFB-543C8E5B587E}"
EndProject
Global
	GlobalSection(SolutionConfigurationPlatforms) = preSolution
		Debug|Any CPU = Debug|Any CPU
		Release|Any CPU = Release|Any CPU
	EndGlobalSection
	GlobalSection(ProjectConfigurationPlatforms) = postSolution
		{7A8CBCCB-9047-49CD-9313-BED3E93596E3}.Debug|Any CPU.ActiveCfg = Debug|Any CPU
		{7A8CBCCB-9047-49CD-9313-BED3E93596E3}.Debug|Any CPU.Build.0 = Debug|Any CPU
		{7A8CBCCB-9047-49CD-9313-BED3E93596E3}.Release|Any CPU.ActiveCfg = Release|Any CPU
		{7A8CBCCB-9047-49CD-9313-BED3E93596E3}.Release|Any CPU.Build.0 = Release|Any CPU
		{C9B3BA79-1620-4F4C-8A6D-0382121265A1}.Debug|Any CPU.ActiveCfg = Debug|Any CPU
		{C9B3BA79-1620-4F4C-8A6D-0382121265A1}.Debug|Any CPU.Build.0 = Debug|Any CPU
		{C9B3BA79-1620-4F4C-8A6D-0382121265A1}.Release|Any CPU.ActiveCfg = Release|Any CPU
		{C9B3BA79-1620-4F4C-8A6D-0382121265A1}.Release|Any CPU.Build.0 = Release|Any CPU
		{4B9A5D49-F2C0-4AC7-9F1C-3A5831DAFEC2}.Debug|Any CPU.ActiveCfg = Debug|Any CPU
		{4B9A5D49-F2C0-4AC7-9F1C-3A5831DAFEC2}.Debug|Any CPU.Build.0 = Debug|Any CPU
		{4B9A5D49-F2C0-4AC7-9F1C-3A5831DAFEC2}.Release|Any CPU.ActiveCfg = Release|Any CPU
		{4B9A5D49-F2C0-4AC7-9F1C-3A5831DAFEC2}.Release|Any CPU.Build.0 = Release|Any CPU
		{694AF3CE-45AD-4CA2-96E4-FE1429EE2AEA}.Debug|Any CPU.ActiveCfg = Debug|Any CPU
		{694AF3CE-45AD-4CA2-96E4-FE1429EE2AEA}.Debug|Any CPU.Build.0 = Debug|Any CPU
		{694AF3CE-45AD-4CA2-96E4-FE1429EE2AEA}.Release|Any CPU.ActiveCfg = Release|Any CPU
		{694AF3CE-45AD-4CA2-96E4-FE1429EE2AEA}.Release|Any CPU.Build.0 = Release|Any CPU
		{BEA35665-7A7E-4CF5-A039-7F210BF5A96C}.Debug|Any CPU.ActiveCfg = Debug|Any CPU
		{BEA35665-7A7E-4CF5-A039-7F210BF5A96C}.Debug|Any CPU.Build.0 = Debug|Any CPU
		{BEA35665-7A7E-4CF5-A039-7F210BF5A96C}.Release|Any CPU.ActiveCfg = Release|Any CPU
		{BEA35665-7A7E-4CF5-A039-7F210BF5A96C}.Release|Any CPU.Build.0 = Release|Any CPU
		{5FA0F1AB-04B8-43FE-86A4-7F6BC076DF3D}.Debug|Any CPU.ActiveCfg = Debug|Any CPU
		{5FA0F1AB-04B8-43FE-86A4-7F6BC076DF3D}.Debug|Any CPU.Build.0 = Debug|Any CPU
		{5FA0F1AB-04B8-43FE-86A4-7F6BC076DF3D}.Release|Any CPU.ActiveCfg = Release|Any CPU
		{5FA0F1AB-04B8-43FE-86A4-7F6BC076DF3D}.Release|Any CPU.Build.0 = Release|Any CPU
		{2F232DD2-94C8-4DB2-9DF9-60C45E6BC5F8}.Debug|Any CPU.ActiveCfg = Debug|Any CPU
		{2F232DD2-94C8-4DB2-9DF9-60C45E6BC5F8}.Debug|Any CPU.Build.0 = Debug|Any CPU
		{2F232DD2-94C8-4DB2-9DF9-60C45E6BC5F8}.Release|Any CPU.ActiveCfg = Release|Any CPU
		{2F232DD2-94C8-4DB2-9DF9-60C45E6BC5F8}.Release|Any CPU.Build.0 = Release|Any CPU
		{1A0427E4-24DD-4CB3-9FFB-543C8E5B587E}.Debug|Any CPU.ActiveCfg = Debug|Any CPU
		{1A0427E4-24DD-4CB3-9FFB-543C8E5B587E}.Debug|Any CPU.Build.0 = Debug|Any CPU
		{1A0427E4-24DD-4CB3-9FFB-543C8E5B587E}.Debug|Any CPU.Deploy.0 = Debug|Any CPU
		{1A0427E4-24DD-4CB3-9FFB-543C8E5B587E}.Release|Any CPU.ActiveCfg = Release|Any CPU
		{1A0427E4-24DD-4CB3-9FFB-543C8E5B587E}.Release|Any CPU.Build.0 = Release|Any CPU
		{1A0427E4-24DD-4CB3-9FFB-543C8E5B587E}.Release|Any CPU.Deploy.0 = Release|Any CPU
	EndGlobalSection
	GlobalSection(SolutionProperties) = preSolution
		HideSolutionNode = FALSE
	EndGlobalSection
	GlobalSection(ExtensibilityGlobals) = postSolution
		SolutionGuid = {D831700A-5A53-459A-BF0C-AEB724B91408}
	EndGlobalSection
EndGlobal
