
Microsoft Visual Studio Solution File, Format Version 12.00
# Visual Studio Version 17
VisualStudioVersion = 17.7.34009.444
MinimumVisualStudioVersion = 10.0.40219.1
Project("{FAE04EC0-301F-11D3-BF4B-00C04F79EFBC}") = "DivisionApp", "DivisionApp.csproj", "{D40B9DE8-92F7-4DDB-8A79-4DC6A6A4737A}"
EndProject
Global
	GlobalSection(SolutionConfigurationPlatforms) = preSolution
		Debug|Any CPU = Debug|Any CPU
		Release|Any CPU = Release|Any CPU
	EndGlobalSection
	GlobalSection(ProjectConfigurationPlatforms) = postSolution
		{D40B9DE8-92F7-4DDB-8A79-4DC6A6A4737A}.Debug|Any CPU.ActiveCfg = Debug|Any CPU
		{D40B9DE8-92F7-4DDB-8A79-4DC6A6A4737A}.Debug|Any CPU.Build.0 = Debug|Any CPU
		{D40B9DE8-92F7-4DDB-8A79-4DC6A6A4737A}.Release|Any CPU.ActiveCfg = Release|Any CPU
		{D40B9DE8-92F7-4DDB-8A79-4DC6A6A4737A}.Release|Any CPU.Build.0 = Release|Any CPU
	EndGlobalSection
	GlobalSection(SolutionProperties) = preSolution
		HideSolutionNode = FALSE
	EndGlobalSection
	GlobalSection(ExtensibilityGlobals) = postSolution
		SolutionGuid = {0DA0DA13-F8A7-48D6-BFC7-0F4C28511766}
	EndGlobalSection
EndGlobal
